
Microsoft Visual Studio Solution File, Format Version 12.00
# Visual Studio Version 17
VisualStudioVersion = 17.9.34607.119
MinimumVisualStudioVersion = 10.0.40219.1
Project("{FAE04EC0-301F-11D3-BF4B-00C04F79EFBC}") = "SCPSL.PluginExample", "SCPSL.PluginExample\SCPSL.PluginExample.csproj", "{00FDA67B-970F-4D29-87C7-8345790FFC06}"
EndProject
Global
	GlobalSection(SolutionConfigurationPlatforms) = preSolution
		Debug|Any CPU = Debug|Any CPU
		Release|Any CPU = Release|Any CPU
	EndGlobalSection
	GlobalSection(ProjectConfigurationPlatforms) = postSolution
		{00FDA67B-970F-4D29-87C7-8345790FFC06}.Debug|Any CPU.ActiveCfg = Debug|Any CPU
		{00FDA67B-970F-4D29-87C7-8345790FFC06}.Debug|Any CPU.Build.0 = Debug|Any CPU
		{00FDA67B-970F-4D29-87C7-8345790FFC06}.Release|Any CPU.ActiveCfg = Release|Any CPU
		{00FDA67B-970F-4D29-87C7-8345790FFC06}.Release|Any CPU.Build.0 = Release|Any CPU
	EndGlobalSection
	GlobalSection(SolutionProperties) = preSolution
		HideSolutionNode = FALSE
	EndGlobalSection
	GlobalSection(ExtensibilityGlobals) = postSolution
		SolutionGuid = {945D4B64-8D05-490B-A3C7-2C44D3CDA099}
	EndGlobalSection
EndGlobal
